
Microsoft Visual Studio Solution File, Format Version 12.00
# Visual Studio Version 17
VisualStudioVersion = 17.7.34009.444
MinimumVisualStudioVersion = 10.0.40219.1
Project("{9A19103F-16F7-4668-BE54-9A1E7A4F7556}") = "SOAPApplication", "SOAPApplication\SOAPApplication.csproj", "{52B8037B-E547-41D4-9737-8E4E184BDAB1}"
EndProject
Project("{9A19103F-16F7-4668-BE54-9A1E7A4F7556}") = "ConsoleApp2", "ConsoleApp2\ConsoleApp2.csproj", "{854181E8-2D8D-4D05-8523-3B3F3C8ED691}"
EndProject
Project("{9A19103F-16F7-4668-BE54-9A1E7A4F7556}") = "ConsoleApp1", "ConsoleApp1\ConsoleApp1.csproj", "{312EED8F-2E26-4065-9BC5-221B4CE1371A}"
EndProject
Global
	GlobalSection(SolutionConfigurationPlatforms) = preSolution
		Debug|Any CPU = Debug|Any CPU
		Release|Any CPU = Release|Any CPU
	EndGlobalSection
	GlobalSection(ProjectConfigurationPlatforms) = postSolution
		{52B8037B-E547-41D4-9737-8E4E184BDAB1}.Debug|Any CPU.ActiveCfg = Debug|Any CPU
		{52B8037B-E547-41D4-9737-8E4E184BDAB1}.Debug|Any CPU.Build.0 = Debug|Any CPU
		{52B8037B-E547-41D4-9737-8E4E184BDAB1}.Release|Any CPU.ActiveCfg = Release|Any CPU
		{52B8037B-E547-41D4-9737-8E4E184BDAB1}.Release|Any CPU.Build.0 = Release|Any CPU
		{854181E8-2D8D-4D05-8523-3B3F3C8ED691}.Debug|Any CPU.ActiveCfg = Debug|Any CPU
		{854181E8-2D8D-4D05-8523-3B3F3C8ED691}.Debug|Any CPU.Build.0 = Debug|Any CPU
		{854181E8-2D8D-4D05-8523-3B3F3C8ED691}.Release|Any CPU.ActiveCfg = Release|Any CPU
		{854181E8-2D8D-4D05-8523-3B3F3C8ED691}.Release|Any CPU.Build.0 = Release|Any CPU
		{312EED8F-2E26-4065-9BC5-221B4CE1371A}.Debug|Any CPU.ActiveCfg = Debug|Any CPU
		{312EED8F-2E26-4065-9BC5-221B4CE1371A}.Debug|Any CPU.Build.0 = Debug|Any CPU
		{312EED8F-2E26-4065-9BC5-221B4CE1371A}.Release|Any CPU.ActiveCfg = Release|Any CPU
		{312EED8F-2E26-4065-9BC5-221B4CE1371A}.Release|Any CPU.Build.0 = Release|Any CPU
	EndGlobalSection
	GlobalSection(SolutionProperties) = preSolution
		HideSolutionNode = FALSE
	EndGlobalSection
	GlobalSection(ExtensibilityGlobals) = postSolution
		SolutionGuid = {5E14FF4D-39CB-462B-BCD6-D0234533500B}
	EndGlobalSection
EndGlobal
